
Microsoft Visual Studio Solution File, Format Version 12.00
# Visual Studio Version 17
VisualStudioVersion = 17.6.33723.286
MinimumVisualStudioVersion = 10.0.40219.1
Project("{FAE04EC0-301F-11D3-BF4B-00C04F79EFBC}") = "CustomRandomList", "CustomRandomList\CustomRandomList.csproj", "{E90C8E5A-1970-40AB-8FC9-B67AA9A62663}"
EndProject
Project("{9A19103F-16F7-4668-BE54-9A1E7A4F7556}") = "Farm", "Farm\Farm.csproj", "{ABAF19C7-02B6-4DA9-BDA9-293677351DFA}"
EndProject
Project("{FAE04EC0-301F-11D3-BF4B-00C04F79EFBC}") = "CustomStack", "CustomStack\CustomStack.csproj", "{7B85F6D2-5C2D-4A42-9E93-97028FF4F5B4}"
EndProject
Project("{9A19103F-16F7-4668-BE54-9A1E7A4F7556}") = "Person", "Person\Person.csproj", "{D6A00862-2566-4A54-ABF2-45756C89BA4E}"
EndProject
Project("{9A19103F-16F7-4668-BE54-9A1E7A4F7556}") = "Zoo", "Zoo\Zoo.csproj", "{B771DEBF-FD3C-47D7-AB14-74905FD930F7}"
EndProject
Project("{9A19103F-16F7-4668-BE54-9A1E7A4F7556}") = "PlayersAndMonsters", "PlayersAndMonsters\PlayersAndMonsters.csproj", "{0B310CC9-76E0-46AA-99F5-52606AB2E115}"
EndProject
Project("{9A19103F-16F7-4668-BE54-9A1E7A4F7556}") = "NeedForSpeed", "NeedForSpeed\NeedForSpeed.csproj", "{B3B2627D-3454-4000-BF87-65081B47FA0C}"
EndProject
Project("{9A19103F-16F7-4668-BE54-9A1E7A4F7556}") = "Restaurant", "Restaurant\Restaurant.csproj", "{E7112A9C-9EF0-4405-834C-C363CF1B056B}"
EndProject
Project("{9A19103F-16F7-4668-BE54-9A1E7A4F7556}") = "Animals", "Animals\Animals.csproj", "{F17CCD18-37FB-4CED-ABA6-D3D6179B9E39}"
EndProject
Global
	GlobalSection(SolutionConfigurationPlatforms) = preSolution
		Debug|Any CPU = Debug|Any CPU
		Release|Any CPU = Release|Any CPU
	EndGlobalSection
	GlobalSection(ProjectConfigurationPlatforms) = postSolution
		{E90C8E5A-1970-40AB-8FC9-B67AA9A62663}.Debug|Any CPU.ActiveCfg = Debug|Any CPU
		{E90C8E5A-1970-40AB-8FC9-B67AA9A62663}.Debug|Any CPU.Build.0 = Debug|Any CPU
		{E90C8E5A-1970-40AB-8FC9-B67AA9A62663}.Release|Any CPU.ActiveCfg = Release|Any CPU
		{E90C8E5A-1970-40AB-8FC9-B67AA9A62663}.Release|Any CPU.Build.0 = Release|Any CPU
		{ABAF19C7-02B6-4DA9-BDA9-293677351DFA}.Debug|Any CPU.ActiveCfg = Debug|Any CPU
		{ABAF19C7-02B6-4DA9-BDA9-293677351DFA}.Debug|Any CPU.Build.0 = Debug|Any CPU
		{ABAF19C7-02B6-4DA9-BDA9-293677351DFA}.Release|Any CPU.ActiveCfg = Release|Any CPU
		{ABAF19C7-02B6-4DA9-BDA9-293677351DFA}.Release|Any CPU.Build.0 = Release|Any CPU
		{7B85F6D2-5C2D-4A42-9E93-97028FF4F5B4}.Debug|Any CPU.ActiveCfg = Debug|Any CPU
		{7B85F6D2-5C2D-4A42-9E93-97028FF4F5B4}.Debug|Any CPU.Build.0 = Debug|Any CPU
		{7B85F6D2-5C2D-4A42-9E93-97028FF4F5B4}.Release|Any CPU.ActiveCfg = Release|Any CPU
		{7B85F6D2-5C2D-4A42-9E93-97028FF4F5B4}.Release|Any CPU.Build.0 = Release|Any CPU
		{D6A00862-2566-4A54-ABF2-45756C89BA4E}.Debug|Any CPU.ActiveCfg = Debug|Any CPU
		{D6A00862-2566-4A54-ABF2-45756C89BA4E}.Debug|Any CPU.Build.0 = Debug|Any CPU
		{D6A00862-2566-4A54-ABF2-45756C89BA4E}.Release|Any CPU.ActiveCfg = Release|Any CPU
		{D6A00862-2566-4A54-ABF2-45756C89BA4E}.Release|Any CPU.Build.0 = Release|Any CPU
		{B771DEBF-FD3C-47D7-AB14-74905FD930F7}.Debug|Any CPU.ActiveCfg = Debug|Any CPU
		{B771DEBF-FD3C-47D7-AB14-74905FD930F7}.Debug|Any CPU.Build.0 = Debug|Any CPU
		{B771DEBF-FD3C-47D7-AB14-74905FD930F7}.Release|Any CPU.ActiveCfg = Release|Any CPU
		{B771DEBF-FD3C-47D7-AB14-74905FD930F7}.Release|Any CPU.Build.0 = Release|Any CPU
		{0B310CC9-76E0-46AA-99F5-52606AB2E115}.Debug|Any CPU.ActiveCfg = Debug|Any CPU
		{0B310CC9-76E0-46AA-99F5-52606AB2E115}.Debug|Any CPU.Build.0 = Debug|Any CPU
		{0B310CC9-76E0-46AA-99F5-52606AB2E115}.Release|Any CPU.ActiveCfg = Release|Any CPU
		{0B310CC9-76E0-46AA-99F5-52606AB2E115}.Release|Any CPU.Build.0 = Release|Any CPU
		{B3B2627D-3454-4000-BF87-65081B47FA0C}.Debug|Any CPU.ActiveCfg = Debug|Any CPU
		{B3B2627D-3454-4000-BF87-65081B47FA0C}.Debug|Any CPU.Build.0 = Debug|Any CPU
		{B3B2627D-3454-4000-BF87-65081B47FA0C}.Release|Any CPU.ActiveCfg = Release|Any CPU
		{B3B2627D-3454-4000-BF87-65081B47FA0C}.Release|Any CPU.Build.0 = Release|Any CPU
		{E7112A9C-9EF0-4405-834C-C363CF1B056B}.Debug|Any CPU.ActiveCfg = Debug|Any CPU
		{E7112A9C-9EF0-4405-834C-C363CF1B056B}.Debug|Any CPU.Build.0 = Debug|Any CPU
		{E7112A9C-9EF0-4405-834C-C363CF1B056B}.Release|Any CPU.ActiveCfg = Release|Any CPU
		{E7112A9C-9EF0-4405-834C-C363CF1B056B}.Release|Any CPU.Build.0 = Release|Any CPU
		{F17CCD18-37FB-4CED-ABA6-D3D6179B9E39}.Debug|Any CPU.ActiveCfg = Debug|Any CPU
		{F17CCD18-37FB-4CED-ABA6-D3D6179B9E39}.Debug|Any CPU.Build.0 = Debug|Any CPU
		{F17CCD18-37FB-4CED-ABA6-D3D6179B9E39}.Release|Any CPU.ActiveCfg = Release|Any CPU
		{F17CCD18-37FB-4CED-ABA6-D3D6179B9E39}.Release|Any CPU.Build.0 = Release|Any CPU
	EndGlobalSection
	GlobalSection(SolutionProperties) = preSolution
		HideSolutionNode = FALSE
	EndGlobalSection
	GlobalSection(ExtensibilityGlobals) = postSolution
		SolutionGuid = {C9491176-F61E-45B8-811C-026F1CADC84B}
	EndGlobalSection
EndGlobal
