
Microsoft Visual Studio Solution File, Format Version 12.00
# Visual Studio Version 17
VisualStudioVersion = 17.6.33723.286
MinimumVisualStudioVersion = 10.0.40219.1
Project("{9A19103F-16F7-4668-BE54-9A1E7A4F7556}") = "Shapes", "Shapes\Shapes.csproj", "{CE83CE9A-30D4-49E0-9D9E-1194BFA597F4}"
EndProject
Project("{9A19103F-16F7-4668-BE54-9A1E7A4F7556}") = "Cars", "Cars\Cars.csproj", "{4D33C9B9-09B1-42F7-AAE0-76C317953345}"
EndProject
Project("{9A19103F-16F7-4668-BE54-9A1E7A4F7556}") = "PersonInfo", "PersonInfo\PersonInfo.csproj", "{4A9385C3-7859-4A05-B170-6BD133DAE9F1}"
EndProject
Project("{9A19103F-16F7-4668-BE54-9A1E7A4F7556}") = "Telephony", "Telephony\Telephony.csproj", "{CDF60731-F404-45DF-AF9D-979E00A4AEB0}"
EndProject
Project("{9A19103F-16F7-4668-BE54-9A1E7A4F7556}") = "MilitaryElite", "MilitaryElite\MilitaryElite.csproj", "{838CBA63-463A-4CDB-900E-F688033D1FD0}"
EndProject
Project("{9A19103F-16F7-4668-BE54-9A1E7A4F7556}") = "BirthdayCelebration", "BirthdayCelebration\BirthdayCelebration.csproj", "{F1360868-4E21-42A0-8BDF-7689C2BDC97C}"
EndProject
Project("{9A19103F-16F7-4668-BE54-9A1E7A4F7556}") = "BorderControl", "BorderControl\BorderControl.csproj", "{43D9B9D4-677E-4471-8C22-52CB3B24B127}"
EndProject
Project("{FAE04EC0-301F-11D3-BF4B-00C04F79EFBC}") = "FoodShortage", "FoodShortage\FoodShortage.csproj", "{4CAADDAE-BCD8-42E4-9B2C-9BAF2BABA479}"
EndProject
Project("{FAE04EC0-301F-11D3-BF4B-00C04F79EFBC}") = "CollectionHierarchy", "CollectionHierarchy\CollectionHierarchy.csproj", "{278EF8A3-0E87-4357-85C8-35AFEE4F48AC}"
EndProject
Project("{FAE04EC0-301F-11D3-BF4B-00C04F79EFBC}") = "ExplicitInterfaces", "ExplicitInterfaces\ExplicitInterfaces.csproj", "{DC1F5205-4096-4442-AE97-68ED80924E95}"
EndProject
Global
	GlobalSection(SolutionConfigurationPlatforms) = preSolution
		Debug|Any CPU = Debug|Any CPU
		Release|Any CPU = Release|Any CPU
	EndGlobalSection
	GlobalSection(ProjectConfigurationPlatforms) = postSolution
		{CE83CE9A-30D4-49E0-9D9E-1194BFA597F4}.Debug|Any CPU.ActiveCfg = Debug|Any CPU
		{CE83CE9A-30D4-49E0-9D9E-1194BFA597F4}.Debug|Any CPU.Build.0 = Debug|Any CPU
		{CE83CE9A-30D4-49E0-9D9E-1194BFA597F4}.Release|Any CPU.ActiveCfg = Release|Any CPU
		{CE83CE9A-30D4-49E0-9D9E-1194BFA597F4}.Release|Any CPU.Build.0 = Release|Any CPU
		{4D33C9B9-09B1-42F7-AAE0-76C317953345}.Debug|Any CPU.ActiveCfg = Debug|Any CPU
		{4D33C9B9-09B1-42F7-AAE0-76C317953345}.Debug|Any CPU.Build.0 = Debug|Any CPU
		{4D33C9B9-09B1-42F7-AAE0-76C317953345}.Release|Any CPU.ActiveCfg = Release|Any CPU
		{4D33C9B9-09B1-42F7-AAE0-76C317953345}.Release|Any CPU.Build.0 = Release|Any CPU
		{4A9385C3-7859-4A05-B170-6BD133DAE9F1}.Debug|Any CPU.ActiveCfg = Debug|Any CPU
		{4A9385C3-7859-4A05-B170-6BD133DAE9F1}.Debug|Any CPU.Build.0 = Debug|Any CPU
		{4A9385C3-7859-4A05-B170-6BD133DAE9F1}.Release|Any CPU.ActiveCfg = Release|Any CPU
		{4A9385C3-7859-4A05-B170-6BD133DAE9F1}.Release|Any CPU.Build.0 = Release|Any CPU
		{CDF60731-F404-45DF-AF9D-979E00A4AEB0}.Debug|Any CPU.ActiveCfg = Debug|Any CPU
		{CDF60731-F404-45DF-AF9D-979E00A4AEB0}.Debug|Any CPU.Build.0 = Debug|Any CPU
		{CDF60731-F404-45DF-AF9D-979E00A4AEB0}.Release|Any CPU.ActiveCfg = Release|Any CPU
		{CDF60731-F404-45DF-AF9D-979E00A4AEB0}.Release|Any CPU.Build.0 = Release|Any CPU
		{838CBA63-463A-4CDB-900E-F688033D1FD0}.Debug|Any CPU.ActiveCfg = Debug|Any CPU
		{838CBA63-463A-4CDB-900E-F688033D1FD0}.Debug|Any CPU.Build.0 = Debug|Any CPU
		{838CBA63-463A-4CDB-900E-F688033D1FD0}.Release|Any CPU.ActiveCfg = Release|Any CPU
		{838CBA63-463A-4CDB-900E-F688033D1FD0}.Release|Any CPU.Build.0 = Release|Any CPU
		{F1360868-4E21-42A0-8BDF-7689C2BDC97C}.Debug|Any CPU.ActiveCfg = Debug|Any CPU
		{F1360868-4E21-42A0-8BDF-7689C2BDC97C}.Debug|Any CPU.Build.0 = Debug|Any CPU
		{F1360868-4E21-42A0-8BDF-7689C2BDC97C}.Release|Any CPU.ActiveCfg = Release|Any CPU
		{F1360868-4E21-42A0-8BDF-7689C2BDC97C}.Release|Any CPU.Build.0 = Release|Any CPU
		{43D9B9D4-677E-4471-8C22-52CB3B24B127}.Debug|Any CPU.ActiveCfg = Debug|Any CPU
		{43D9B9D4-677E-4471-8C22-52CB3B24B127}.Debug|Any CPU.Build.0 = Debug|Any CPU
		{43D9B9D4-677E-4471-8C22-52CB3B24B127}.Release|Any CPU.ActiveCfg = Release|Any CPU
		{43D9B9D4-677E-4471-8C22-52CB3B24B127}.Release|Any CPU.Build.0 = Release|Any CPU
		{4CAADDAE-BCD8-42E4-9B2C-9BAF2BABA479}.Debug|Any CPU.ActiveCfg = Debug|Any CPU
		{4CAADDAE-BCD8-42E4-9B2C-9BAF2BABA479}.Debug|Any CPU.Build.0 = Debug|Any CPU
		{4CAADDAE-BCD8-42E4-9B2C-9BAF2BABA479}.Release|Any CPU.ActiveCfg = Release|Any CPU
		{4CAADDAE-BCD8-42E4-9B2C-9BAF2BABA479}.Release|Any CPU.Build.0 = Release|Any CPU
		{278EF8A3-0E87-4357-85C8-35AFEE4F48AC}.Debug|Any CPU.ActiveCfg = Debug|Any CPU
		{278EF8A3-0E87-4357-85C8-35AFEE4F48AC}.Debug|Any CPU.Build.0 = Debug|Any CPU
		{278EF8A3-0E87-4357-85C8-35AFEE4F48AC}.Release|Any CPU.ActiveCfg = Release|Any CPU
		{278EF8A3-0E87-4357-85C8-35AFEE4F48AC}.Release|Any CPU.Build.0 = Release|Any CPU
		{DC1F5205-4096-4442-AE97-68ED80924E95}.Debug|Any CPU.ActiveCfg = Debug|Any CPU
		{DC1F5205-4096-4442-AE97-68ED80924E95}.Debug|Any CPU.Build.0 = Debug|Any CPU
		{DC1F5205-4096-4442-AE97-68ED80924E95}.Release|Any CPU.ActiveCfg = Release|Any CPU
		{DC1F5205-4096-4442-AE97-68ED80924E95}.Release|Any CPU.Build.0 = Release|Any CPU
	EndGlobalSection
	GlobalSection(SolutionProperties) = preSolution
		HideSolutionNode = FALSE
	EndGlobalSection
	GlobalSection(ExtensibilityGlobals) = postSolution
		SolutionGuid = {24FE8E52-88E2-47F6-96F4-9E96B69912FB}
	EndGlobalSection
EndGlobal
